
Microsoft Visual Studio Solution File, Format Version 12.00
# Visual Studio Version 17
VisualStudioVersion = 17.0.32014.148
MinimumVisualStudioVersion = 10.0.40219.1
Project("{FAE04EC0-301F-11D3-BF4B-00C04F79EFBC}") = "Lesson10", "Lesson10\Lesson10.csproj", "{FAD43124-ED25-41C5-B96F-75070DC7CD86}"
EndProject
Project("{FAE04EC0-301F-11D3-BF4B-00C04F79EFBC}") = "Classess", "Classess\Classess.csproj", "{A5FEF974-A33B-40D2-A389-C46F6E81BEC8}"
EndProject
Global
	GlobalSection(SolutionConfigurationPlatforms) = preSolution
		Debug|Any CPU = Debug|Any CPU
		Release|Any CPU = Release|Any CPU
	EndGlobalSection
	GlobalSection(ProjectConfigurationPlatforms) = postSolution
		{FAD43124-ED25-41C5-B96F-75070DC7CD86}.Debug|Any CPU.ActiveCfg = Debug|Any CPU
		{FAD43124-ED25-41C5-B96F-75070DC7CD86}.Debug|Any CPU.Build.0 = Debug|Any CPU
		{FAD43124-ED25-41C5-B96F-75070DC7CD86}.Release|Any CPU.ActiveCfg = Release|Any CPU
		{FAD43124-ED25-41C5-B96F-75070DC7CD86}.Release|Any CPU.Build.0 = Release|Any CPU
		{A5FEF974-A33B-40D2-A389-C46F6E81BEC8}.Debug|Any CPU.ActiveCfg = Debug|Any CPU
		{A5FEF974-A33B-40D2-A389-C46F6E81BEC8}.Debug|Any CPU.Build.0 = Debug|Any CPU
		{A5FEF974-A33B-40D2-A389-C46F6E81BEC8}.Release|Any CPU.ActiveCfg = Release|Any CPU
		{A5FEF974-A33B-40D2-A389-C46F6E81BEC8}.Release|Any CPU.Build.0 = Release|Any CPU
	EndGlobalSection
	GlobalSection(SolutionProperties) = preSolution
		HideSolutionNode = FALSE
	EndGlobalSection
	GlobalSection(ExtensibilityGlobals) = postSolution
		SolutionGuid = {BA5E1595-C2B4-4325-A5EF-B455CB6C2560}
	EndGlobalSection
EndGlobal
